
Microsoft Visual Studio Solution File, Format Version 12.00
# Visual Studio Version 17
VisualStudioVersion = 17.5.002.0
MinimumVisualStudioVersion = 10.0.40219.1
Project("{9A19103F-16F7-4668-BE54-9A1E7A4F7556}") = "lesson_1", "lesson_1.csproj", "{37D7A4F7-3FA0-4A08-97A4-792AE3015B41}"
EndProject
Global
	GlobalSection(SolutionConfigurationPlatforms) = preSolution
		Debug|Any CPU = Debug|Any CPU
		Release|Any CPU = Release|Any CPU
	EndGlobalSection
	GlobalSection(ProjectConfigurationPlatforms) = postSolution
		{37D7A4F7-3FA0-4A08-97A4-792AE3015B41}.Debug|Any CPU.ActiveCfg = Debug|Any CPU
		{37D7A4F7-3FA0-4A08-97A4-792AE3015B41}.Debug|Any CPU.Build.0 = Debug|Any CPU
		{37D7A4F7-3FA0-4A08-97A4-792AE3015B41}.Release|Any CPU.ActiveCfg = Release|Any CPU
		{37D7A4F7-3FA0-4A08-97A4-792AE3015B41}.Release|Any CPU.Build.0 = Release|Any CPU
	EndGlobalSection
	GlobalSection(SolutionProperties) = preSolution
		HideSolutionNode = FALSE
	EndGlobalSection
	GlobalSection(ExtensibilityGlobals) = postSolution
		SolutionGuid = {481B8105-8E02-4753-9020-4F02AC2A15D2}
	EndGlobalSection
EndGlobal
