
Microsoft Visual Studio Solution File, Format Version 12.00
# Visual Studio Version 17
VisualStudioVersion = 17.7.34031.279
MinimumVisualStudioVersion = 10.0.40219.1
Project("{9A19103F-16F7-4668-BE54-9A1E7A4F7556}") = "DesingPattern_Singletton", "DesingPattern_Singletton\DesingPattern_Singletton.csproj", "{84168EFD-2646-4F74-AB05-7D407BCB683A}"
EndProject
Project("{FAE04EC0-301F-11D3-BF4B-00C04F79EFBC}") = "SingletonTest", "SingletonTest\SingletonTest.csproj", "{EEAD3311-34B3-4977-A937-237C7DD86F47}"
EndProject
Global
	GlobalSection(SolutionConfigurationPlatforms) = preSolution
		Debug|Any CPU = Debug|Any CPU
		Release|Any CPU = Release|Any CPU
	EndGlobalSection
	GlobalSection(ProjectConfigurationPlatforms) = postSolution
		{84168EFD-2646-4F74-AB05-7D407BCB683A}.Debug|Any CPU.ActiveCfg = Debug|Any CPU
		{84168EFD-2646-4F74-AB05-7D407BCB683A}.Debug|Any CPU.Build.0 = Debug|Any CPU
		{84168EFD-2646-4F74-AB05-7D407BCB683A}.Release|Any CPU.ActiveCfg = Release|Any CPU
		{84168EFD-2646-4F74-AB05-7D407BCB683A}.Release|Any CPU.Build.0 = Release|Any CPU
		{EEAD3311-34B3-4977-A937-237C7DD86F47}.Debug|Any CPU.ActiveCfg = Debug|Any CPU
		{EEAD3311-34B3-4977-A937-237C7DD86F47}.Debug|Any CPU.Build.0 = Debug|Any CPU
		{EEAD3311-34B3-4977-A937-237C7DD86F47}.Release|Any CPU.ActiveCfg = Release|Any CPU
		{EEAD3311-34B3-4977-A937-237C7DD86F47}.Release|Any CPU.Build.0 = Release|Any CPU
	EndGlobalSection
	GlobalSection(SolutionProperties) = preSolution
		HideSolutionNode = FALSE
	EndGlobalSection
	GlobalSection(ExtensibilityGlobals) = postSolution
		SolutionGuid = {486EFCD1-E00A-48C1-A135-C5ADD64FEF16}
	EndGlobalSection
EndGlobal
