
Microsoft Visual Studio Solution File, Format Version 12.00
# Visual Studio Version 17
VisualStudioVersion = 17.7.34031.279
MinimumVisualStudioVersion = 10.0.40219.1
Project("{9A19103F-16F7-4668-BE54-9A1E7A4F7556}") = "TraversalCoreProject", "TraversalCoreProject\TraversalCoreProject.csproj", "{9B2DA24E-9119-4C9F-87A8-76431759305B}"
EndProject
Project("{9A19103F-16F7-4668-BE54-9A1E7A4F7556}") = "EntityLayer", "EntityLayer\EntityLayer.csproj", "{DAA8ACAA-F175-47E5-B6AB-52CD46A85387}"
EndProject
Project("{9A19103F-16F7-4668-BE54-9A1E7A4F7556}") = "DataAccessLayer", "DataAccessLayer\DataAccessLayer.csproj", "{0C35F178-3E0A-4D37-ADAD-AFD2E944F3EE}"
EndProject
Project("{9A19103F-16F7-4668-BE54-9A1E7A4F7556}") = "BusinessLayer", "BusinessLayer\BusinessLayer.csproj", "{92246BBF-FC50-4E3E-9A0C-9FF0B68FC843}"
EndProject
Project("{FAE04EC0-301F-11D3-BF4B-00C04F79EFBC}") = "DTOLayer", "DTOLayer\DTOLayer.csproj", "{2FA7B54F-A19F-4F3C-90D2-47BD02E70AB3}"
EndProject
Global
	GlobalSection(SolutionConfigurationPlatforms) = preSolution
		Debug|Any CPU = Debug|Any CPU
		Release|Any CPU = Release|Any CPU
	EndGlobalSection
	GlobalSection(ProjectConfigurationPlatforms) = postSolution
		{9B2DA24E-9119-4C9F-87A8-76431759305B}.Debug|Any CPU.ActiveCfg = Debug|Any CPU
		{9B2DA24E-9119-4C9F-87A8-76431759305B}.Debug|Any CPU.Build.0 = Debug|Any CPU
		{9B2DA24E-9119-4C9F-87A8-76431759305B}.Release|Any CPU.ActiveCfg = Release|Any CPU
		{9B2DA24E-9119-4C9F-87A8-76431759305B}.Release|Any CPU.Build.0 = Release|Any CPU
		{DAA8ACAA-F175-47E5-B6AB-52CD46A85387}.Debug|Any CPU.ActiveCfg = Debug|Any CPU
		{DAA8ACAA-F175-47E5-B6AB-52CD46A85387}.Debug|Any CPU.Build.0 = Debug|Any CPU
		{DAA8ACAA-F175-47E5-B6AB-52CD46A85387}.Release|Any CPU.ActiveCfg = Release|Any CPU
		{DAA8ACAA-F175-47E5-B6AB-52CD46A85387}.Release|Any CPU.Build.0 = Release|Any CPU
		{0C35F178-3E0A-4D37-ADAD-AFD2E944F3EE}.Debug|Any CPU.ActiveCfg = Debug|Any CPU
		{0C35F178-3E0A-4D37-ADAD-AFD2E944F3EE}.Debug|Any CPU.Build.0 = Debug|Any CPU
		{0C35F178-3E0A-4D37-ADAD-AFD2E944F3EE}.Release|Any CPU.ActiveCfg = Release|Any CPU
		{0C35F178-3E0A-4D37-ADAD-AFD2E944F3EE}.Release|Any CPU.Build.0 = Release|Any CPU
		{92246BBF-FC50-4E3E-9A0C-9FF0B68FC843}.Debug|Any CPU.ActiveCfg = Debug|Any CPU
		{92246BBF-FC50-4E3E-9A0C-9FF0B68FC843}.Debug|Any CPU.Build.0 = Debug|Any CPU
		{92246BBF-FC50-4E3E-9A0C-9FF0B68FC843}.Release|Any CPU.ActiveCfg = Release|Any CPU
		{92246BBF-FC50-4E3E-9A0C-9FF0B68FC843}.Release|Any CPU.Build.0 = Release|Any CPU
		{2FA7B54F-A19F-4F3C-90D2-47BD02E70AB3}.Debug|Any CPU.ActiveCfg = Debug|Any CPU
		{2FA7B54F-A19F-4F3C-90D2-47BD02E70AB3}.Debug|Any CPU.Build.0 = Debug|Any CPU
		{2FA7B54F-A19F-4F3C-90D2-47BD02E70AB3}.Release|Any CPU.ActiveCfg = Release|Any CPU
		{2FA7B54F-A19F-4F3C-90D2-47BD02E70AB3}.Release|Any CPU.Build.0 = Release|Any CPU
	EndGlobalSection
	GlobalSection(SolutionProperties) = preSolution
		HideSolutionNode = FALSE
	EndGlobalSection
	GlobalSection(ExtensibilityGlobals) = postSolution
		SolutionGuid = {955A3AEC-73D1-4E97-86D2-FD294FCAAE83}
	EndGlobalSection
EndGlobal
